
Microsoft Visual Studio Solution File, Format Version 12.00
# Visual Studio Version 16
VisualStudioVersion = 16.0.31129.286
MinimumVisualStudioVersion = 10.0.40219.1
Project("{FAE04EC0-301F-11D3-BF4B-00C04F79EFBC}") = "PexeFramework", "PexeFramework.csproj", "{360686DD-DD9B-4F08-8874-D09BC6091BBC}"
EndProject
Global
	GlobalSection(SolutionConfigurationPlatforms) = preSolution
		Debug|Any CPU = Debug|Any CPU
		Release|Any CPU = Release|Any CPU
	EndGlobalSection
	GlobalSection(ProjectConfigurationPlatforms) = postSolution
		{360686DD-DD9B-4F08-8874-D09BC6091BBC}.Debug|Any CPU.ActiveCfg = Debug|Any CPU
		{360686DD-DD9B-4F08-8874-D09BC6091BBC}.Debug|Any CPU.Build.0 = Debug|Any CPU
		{360686DD-DD9B-4F08-8874-D09BC6091BBC}.Release|Any CPU.ActiveCfg = Release|Any CPU
		{360686DD-DD9B-4F08-8874-D09BC6091BBC}.Release|Any CPU.Build.0 = Release|Any CPU
	EndGlobalSection
	GlobalSection(SolutionProperties) = preSolution
		HideSolutionNode = FALSE
	EndGlobalSection
	GlobalSection(ExtensibilityGlobals) = postSolution
		SolutionGuid = {534C1538-329C-4F2D-BBD0-CCEB55EA861E}
	EndGlobalSection
EndGlobal
